{
	"requires": true,
	"lockfileVersion": 1,
	"dependencies": {
		"ansi-regex": {
			"version": "2.1.1",
			"resolved": "https://registry.npmjs.org/ansi-regex/-/ansi-regex-2.1.1.tgz",
			"integrity": "sha1-w7M6te42DYbg5ijwRorn7yfWVN8="
		},
		"aproba": {
			"version": "1.2.0",
			"resolved": "https://registry.npmjs.org/aproba/-/aproba-1.2.0.tgz",
			"integrity": "sha512-Y9J6ZjXtoYh8RnXVCMOU/ttDmk1aBjunq9vO0ta5x85WDQiQfUF9sIPBITdbiiIVcBo03Hi3jMxigBtsddlXRw=="
		},
		"are-we-there-yet": {
			"version": "1.1.4",
			"resolved": "https://registry.npmjs.org/are-we-there-yet/-/are-we-there-yet-1.1.4.tgz",
			"integrity": "sha1-u13KOCu5TwXhUZQ3PRb9O6HKEQ0=",
			"requires": {
				"delegates": "1.0.0",
				"readable-stream": "2.3.3"
			}
		},
		"assertion-error": {
			"version": "1.0.0",
			"resolved": "https://registry.npmjs.org/assertion-error/-/assertion-error-1.0.0.tgz",
			"integrity": "sha1-x/hUOP3UZrx8oWq5DIFRN5el0js="
		},
		"bluebird": {
			"version": "2.10.2",
			"resolved": "https://registry.npmjs.org/bluebird/-/bluebird-2.10.2.tgz",
			"integrity": "sha1-AkpVFylTCIV/FPkfEQb8O1VfRGs="
		},
		"chai": {
			"version": "2.3.0",
			"resolved": "https://registry.npmjs.org/chai/-/chai-2.3.0.tgz",
			"integrity": "sha1-ii9qNHSNqAEJD9cyh7Kqc5pOkJo=",
			"requires": {
				"assertion-error": "1.0.0",
				"deep-eql": "0.1.3"
			}
		},
		"code-point-at": {
			"version": "1.1.0",
			"resolved": "https://registry.npmjs.org/code-point-at/-/code-point-at-1.1.0.tgz",
			"integrity": "sha1-DQcLTQQ6W+ozovGkDi7bPZpMz3c="
		},
		"console-control-strings": {
			"version": "1.1.0",
			"resolved": "https://registry.npmjs.org/console-control-strings/-/console-control-strings-1.1.0.tgz",
			"integrity": "sha1-PXz0Rk22RG6mRL9LOVB/mFEAjo4="
		},
		"core-util-is": {
			"version": "1.0.2",
			"resolved": "https://registry.npmjs.org/core-util-is/-/core-util-is-1.0.2.tgz",
			"integrity": "sha1-tf1UIgqivFq1eqtxQMlAdUUDwac="
		},
		"deep-eql": {
			"version": "0.1.3",
			"resolved": "https://registry.npmjs.org/deep-eql/-/deep-eql-0.1.3.tgz",
			"integrity": "sha1-71WKyrjeJSBs1xOQbXTlaTDrafI=",
			"requires": {
				"type-detect": "0.1.1"
			}
		},
		"delegates": {
			"version": "1.0.0",
			"resolved": "https://registry.npmjs.org/delegates/-/delegates-1.0.0.tgz",
			"integrity": "sha1-hMbhWbgZBP3KWaDvRM2HDTElD5o="
		},
		"dirty-chai": {
			"version": "1.2.2",
			"resolved": "https://registry.npmjs.org/dirty-chai/-/dirty-chai-1.2.2.tgz",
			"integrity": "sha1-eEleYZY19/5EIZqkyDeEm/GDFC4="
		},
		"formatio": {
			"version": "1.1.1",
			"resolved": "https://registry.npmjs.org/formatio/-/formatio-1.1.1.tgz",
			"integrity": "sha1-XtPM1jZVEJc4NGXZlhmRAOhhYek=",
			"requires": {
				"samsam": "1.1.2"
			}
		},
		"gauge": {
			"version": "2.6.0",
			"resolved": "https://registry.npmjs.org/gauge/-/gauge-2.6.0.tgz",
			"integrity": "sha1-01MBrRjpaQK0dR3LvkD0IYuUKkY=",
			"requires": {
				"aproba": "1.2.0",
				"console-control-strings": "1.1.0",
				"has-color": "0.1.7",
				"has-unicode": "2.0.1",
				"object-assign": "4.1.1",
				"signal-exit": "3.0.2",
				"string-width": "1.0.2",
				"strip-ansi": "3.0.1",
				"wide-align": "1.1.2"
			},
			"dependencies": {
				"object-assign": {
					"version": "4.1.1",
					"resolved": "https://registry.npmjs.org/object-assign/-/object-assign-4.1.1.tgz",
					"integrity": "sha1-IQmtx5ZYh8/AXLvUQsrIv7s2CGM="
				}
			}
		},
		"has-color": {
			"version": "0.1.7",
			"resolved": "https://registry.npmjs.org/has-color/-/has-color-0.1.7.tgz",
			"integrity": "sha1-ZxRKUmDDT8PMpnfQQdr1L+e3iy8="
		},
		"has-unicode": {
			"version": "2.0.1",
			"resolved": "https://registry.npmjs.org/has-unicode/-/has-unicode-2.0.1.tgz",
			"integrity": "sha1-4Ob+aijPUROIVeCG0Wkedx3iqLk="
		},
		"inherits": {
			"version": "2.0.3",
			"resolved": "https://registry.npmjs.org/inherits/-/inherits-2.0.3.tgz",
			"integrity": "sha1-Yzwsg+PaQqUC9SRmAiSA9CCCYd4="
		},
		"is-fullwidth-code-point": {
			"version": "1.0.0",
			"resolved": "https://registry.npmjs.org/is-fullwidth-code-point/-/is-fullwidth-code-point-1.0.0.tgz",
			"integrity": "sha1-754xOG8DGn8NZDr4L95QxFfvAMs=",
			"requires": {
				"number-is-nan": "1.0.1"
			}
		},
		"isarray": {
			"version": "1.0.0",
			"resolved": "https://registry.npmjs.org/isarray/-/isarray-1.0.0.tgz",
			"integrity": "sha1-u5NdSFgsuhaMBoNJV6VKPgcSTxE="
		},
		"npmlog": {
			"version": "4.0.0",
			"resolved": "https://registry.npmjs.org/npmlog/-/npmlog-4.0.0.tgz",
			"integrity": "sha1-4JRQOWHHDBd063ZpIIDo1Xip+I8=",
			"requires": {
				"are-we-there-yet": "1.1.4",
				"console-control-strings": "1.1.0",
				"gauge": "2.6.0",
				"set-blocking": "2.0.0"
			}
		},
		"number-is-nan": {
			"version": "1.0.1",
			"resolved": "https://registry.npmjs.org/number-is-nan/-/number-is-nan-1.0.1.tgz",
			"integrity": "sha1-CXtgK1NCKlIsGvuHkDGDNpQaAR0="
		},
		"process-nextick-args": {
			"version": "1.0.7",
			"resolved": "https://registry.npmjs.org/process-nextick-args/-/process-nextick-args-1.0.7.tgz",
			"integrity": "sha1-FQ4gt1ZZCtP5EJPyWk8q2L/zC6M="
		},
		"readable-stream": {
			"version": "2.3.3",
			"resolved": "https://registry.npmjs.org/readable-stream/-/readable-stream-2.3.3.tgz",
			"integrity": "sha512-m+qzzcn7KUxEmd1gMbchF+Y2eIUbieUaxkWtptyHywrX0rE8QEYqPC07Vuy4Wm32/xE16NcdBctb8S0Xe/5IeQ==",
			"requires": {
				"core-util-is": "1.0.2",
				"inherits": "2.0.3",
				"isarray": "1.0.0",
				"process-nextick-args": "1.0.7",
				"safe-buffer": "5.1.1",
				"string_decoder": "1.0.3",
				"util-deprecate": "1.0.2"
			}
		},
		"safe-buffer": {
			"version": "5.1.1",
			"resolved": "https://registry.npmjs.org/safe-buffer/-/safe-buffer-5.1.1.tgz",
			"integrity": "sha512-kKvNJn6Mm93gAczWVJg7wH+wGYWNrDHdWvpUmHyEsgCtIwwo3bqPtV4tR5tuPaUhTOo/kvhVwd8XwwOllGYkbg=="
		},
		"samsam": {
			"version": "1.1.2",
			"resolved": "https://registry.npmjs.org/samsam/-/samsam-1.1.2.tgz",
			"integrity": "sha1-vsEf3IOp/aBjQBIQ5AF2wwJNFWc="
		},
		"set-blocking": {
			"version": "2.0.0",
			"resolved": "https://registry.npmjs.org/set-blocking/-/set-blocking-2.0.0.tgz",
			"integrity": "sha1-BF+XgtARrppoA93TgrJDkrPYkPc="
		},
		"signal-exit": {
			"version": "3.0.2",
			"resolved": "https://registry.npmjs.org/signal-exit/-/signal-exit-3.0.2.tgz",
			"integrity": "sha1-tf3AjxKH6hF4Yo5BXiUTK3NkbG0="
		},
		"sinon": {
			"version": "1.17.2",
			"resolved": "https://registry.npmjs.org/sinon/-/sinon-1.17.2.tgz",
			"integrity": "sha1-wepnuEoeezNQ9sRxPvrO+OSui3E=",
			"requires": {
				"formatio": "1.1.1",
				"lolex": "1.3.2",
				"samsam": "1.1.2",
				"util": "0.10.3"
			},
			"dependencies": {
				"lolex": {
					"version": "1.3.2",
					"resolved": "https://registry.npmjs.org/lolex/-/lolex-1.3.2.tgz",
					"integrity": "sha1-fD2mL/yzDw9agKJWbKJORdigHzE="
				}
			}
		},
		"sinon-chai": {
			"version": "2.8.0",
			"resolved": "https://registry.npmjs.org/sinon-chai/-/sinon-chai-2.8.0.tgz",
			"integrity": "sha1-Qyqbv9Uab8AHmPTSUmqCnAYGh6w="
		},
		"string-width": {
			"version": "1.0.2",
			"resolved": "https://registry.npmjs.org/string-width/-/string-width-1.0.2.tgz",
			"integrity": "sha1-EYvfW4zcUaKn5w0hHgfisLmxB9M=",
			"requires": {
				"code-point-at": "1.1.0",
				"is-fullwidth-code-point": "1.0.0",
				"strip-ansi": "3.0.1"
			}
		},
		"string_decoder": {
			"version": "1.0.3",
			"resolved": "https://registry.npmjs.org/string_decoder/-/string_decoder-1.0.3.tgz",
			"integrity": "sha512-4AH6Z5fzNNBcH+6XDMfA/BTt87skxqJlO0lAh3Dker5zThcAxG6mKz+iGu308UKoPPQ8Dcqx/4JhujzltRa+hQ==",
			"requires": {
				"safe-buffer": "5.1.1"
			}
		},
		"strip-ansi": {
			"version": "3.0.1",
			"resolved": "https://registry.npmjs.org/strip-ansi/-/strip-ansi-3.0.1.tgz",
			"integrity": "sha1-ajhfuIU9lS1f8F0Oiq+UJ43GPc8=",
			"requires": {
				"ansi-regex": "2.1.1"
			}
		},
		"type-detect": {
			"version": "0.1.1",
			"resolved": "https://registry.npmjs.org/type-detect/-/type-detect-0.1.1.tgz",
			"integrity": "sha1-C6XsKohWQORw6k6FBZcZANrFiCI="
		},
		"util": {
			"version": "0.10.3",
			"resolved": "https://registry.npmjs.org/util/-/util-0.10.3.tgz",
			"integrity": "sha1-evsa/lCAUkZInj23/g7TeTNqwPk=",
			"requires": {
				"inherits": "2.0.1"
			},
			"dependencies": {
				"inherits": {
					"version": "2.0.1",
					"resolved": "https://registry.npmjs.org/inherits/-/inherits-2.0.1.tgz",
					"integrity": "sha1-sX0I0ya0Qj5Wjv9xn5GwscvfafE="
				}
			}
		},
		"util-deprecate": {
			"version": "1.0.2",
			"resolved": "https://registry.npmjs.org/util-deprecate/-/util-deprecate-1.0.2.tgz",
			"integrity": "sha1-RQ1Nyfpw3nMnYvvS1KKJgUGaDM8="
		},
		"wide-align": {
			"version": "1.1.2",
			"resolved": "https://registry.npmjs.org/wide-align/-/wide-align-1.1.2.tgz",
			"integrity": "sha512-ijDLlyQ7s6x1JgCLur53osjm/UXUYD9+0PbYKrBsYisYXzCxN+HC3mYDNy/dWdmf3AwqwU3CXwDCvsNgGK1S0w==",
			"requires": {
				"string-width": "1.0.2"
			}
		}
	}
}
