{
	"name": "@tractor/ui",
	"version": "1.0.1-beta.10",
	"lockfileVersion": 1,
	"requires": true,
	"dependencies": {
		"bluebird": {
			"version": "2.10.2",
			"resolved": "http://registry.npmjs.org/bluebird/-/bluebird-2.10.2.tgz",
			"integrity": "sha1-AkpVFylTCIV/FPkfEQb8O1VfRGs=",
			"dev": true
		}
	}
}
